Microsoft Visual Studio Solution File, Format Version 11.00
# Visual Studio 2010
Project("{FAE04EC0-301F-11D3-BF4B-00C04F79EFBC}") = "MonoForAndroid.Icons", "MonoForAndroid.Icons\MonoForAndroid.Icons.csproj", "{20C61CA9-2309-427B-9810-4A309B4E3216}"
EndProject
Project("{FAE04EC0-301F-11D3-BF4B-00C04F79EFBC}") = "AndroidApplication1", "AndroidApplication1\AndroidApplication1.csproj", "{27C94B2E-7998-4CBF-BE5C-A9A747440537}"
EndProject
Global
	GlobalSection(SolutionConfigurationPlatforms) = preSolution
		Debug|Any CPU = Debug|Any CPU
		Release|Any CPU = Release|Any CPU
	EndGlobalSection
	GlobalSection(ProjectConfigurationPlatforms) = postSolution
		{20C61CA9-2309-427B-9810-4A309B4E3216}.Debug|Any CPU.ActiveCfg = Debug|Any CPU
		{20C61CA9-2309-427B-9810-4A309B4E3216}.Debug|Any CPU.Build.0 = Debug|Any CPU
		{20C61CA9-2309-427B-9810-4A309B4E3216}.Release|Any CPU.ActiveCfg = Release|Any CPU
		{20C61CA9-2309-427B-9810-4A309B4E3216}.Release|Any CPU.Build.0 = Release|Any CPU
		{27C94B2E-7998-4CBF-BE5C-A9A747440537}.Debug|Any CPU.ActiveCfg = Debug|Any CPU
		{27C94B2E-7998-4CBF-BE5C-A9A747440537}.Debug|Any CPU.Build.0 = Debug|Any CPU
		{27C94B2E-7998-4CBF-BE5C-A9A747440537}.Debug|Any CPU.Deploy.0 = Debug|Any CPU
		{27C94B2E-7998-4CBF-BE5C-A9A747440537}.Release|Any CPU.ActiveCfg = Release|Any CPU
		{27C94B2E-7998-4CBF-BE5C-A9A747440537}.Release|Any CPU.Build.0 = Release|Any CPU
		{27C94B2E-7998-4CBF-BE5C-A9A747440537}.Release|Any CPU.Deploy.0 = Release|Any CPU
	EndGlobalSection
	GlobalSection(SolutionProperties) = preSolution
		HideSolutionNode = FALSE
	EndGlobalSection
EndGlobal
